
Microsoft Visual Studio Solution File, Format Version 12.00
# Visual Studio Version 17
VisualStudioVersion = 17.7.34031.279
MinimumVisualStudioVersion = 10.0.40219.1
Project("{FAE04EC0-301F-11D3-BF4B-00C04F79EFBC}") = "LR3", "LR3\LR3.csproj", "{5942C3C2-B2D6-411D-BC69-B4BD614D4D0F}"
EndProject
Global
	GlobalSection(SolutionConfigurationPlatforms) = preSolution
		Debug|Any CPU = Debug|Any CPU
		Release|Any CPU = Release|Any CPU
	EndGlobalSection
	GlobalSection(ProjectConfigurationPlatforms) = postSolution
		{5942C3C2-B2D6-411D-BC69-B4BD614D4D0F}.Debug|Any CPU.ActiveCfg = Debug|Any CPU
		{5942C3C2-B2D6-411D-BC69-B4BD614D4D0F}.Debug|Any CPU.Build.0 = Debug|Any CPU
		{5942C3C2-B2D6-411D-BC69-B4BD614D4D0F}.Release|Any CPU.ActiveCfg = Release|Any CPU
		{5942C3C2-B2D6-411D-BC69-B4BD614D4D0F}.Release|Any CPU.Build.0 = Release|Any CPU
	EndGlobalSection
	GlobalSection(SolutionProperties) = preSolution
		HideSolutionNode = FALSE
	EndGlobalSection
	GlobalSection(ExtensibilityGlobals) = postSolution
		SolutionGuid = {163005DD-E97D-45E2-B909-59FBE90BF358}
	EndGlobalSection
EndGlobal
